
Microsoft Visual Studio Solution File, Format Version 12.00
# Visual Studio Version 17
VisualStudioVersion = 17.9.34723.18
MinimumVisualStudioVersion = 10.0.40219.1
Project("{9A19103F-16F7-4668-BE54-9A1E7A4F7556}") = "SteamAuthentication", "SteamAuthentication\SteamAuthentication.csproj", "{59E8333E-81DD-47FB-9B7D-B2F68FDDFC4B}"
EndProject
Project("{9A19103F-16F7-4668-BE54-9A1E7A4F7556}") = "TradeOnSda", "TradeOnSda\TradeOnSda\TradeOnSda.csproj", "{C6473C13-95E5-4F0C-B055-143A7793EB52}"
EndProject
Project("{9A19103F-16F7-4668-BE54-9A1E7A4F7556}") = "TradeOnSda.Desktop", "TradeOnSda\TradeOnSda.Desktop\TradeOnSda.Desktop.csproj", "{F955903E-C314-421C-A28C-A5913F960E13}"
EndProject
Global
	GlobalSection(SolutionConfigurationPlatforms) = preSolution
		Debug|Any CPU = Debug|Any CPU
		Release|Any CPU = Release|Any CPU
	EndGlobalSection
	GlobalSection(ProjectConfigurationPlatforms) = postSolution
		{59E8333E-81DD-47FB-9B7D-B2F68FDDFC4B}.Debug|Any CPU.ActiveCfg = Debug|Any CPU
		{59E8333E-81DD-47FB-9B7D-B2F68FDDFC4B}.Debug|Any CPU.Build.0 = Debug|Any CPU
		{59E8333E-81DD-47FB-9B7D-B2F68FDDFC4B}.Release|Any CPU.ActiveCfg = Release|Any CPU
		{59E8333E-81DD-47FB-9B7D-B2F68FDDFC4B}.Release|Any CPU.Build.0 = Release|Any CPU
		{C6473C13-95E5-4F0C-B055-143A7793EB52}.Debug|Any CPU.ActiveCfg = Debug|Any CPU
		{C6473C13-95E5-4F0C-B055-143A7793EB52}.Debug|Any CPU.Build.0 = Debug|Any CPU
		{C6473C13-95E5-4F0C-B055-143A7793EB52}.Release|Any CPU.ActiveCfg = Release|Any CPU
		{C6473C13-95E5-4F0C-B055-143A7793EB52}.Release|Any CPU.Build.0 = Release|Any CPU
		{F955903E-C314-421C-A28C-A5913F960E13}.Debug|Any CPU.ActiveCfg = Debug|Any CPU
		{F955903E-C314-421C-A28C-A5913F960E13}.Debug|Any CPU.Build.0 = Debug|Any CPU
		{F955903E-C314-421C-A28C-A5913F960E13}.Release|Any CPU.ActiveCfg = Release|Any CPU
		{F955903E-C314-421C-A28C-A5913F960E13}.Release|Any CPU.Build.0 = Release|Any CPU
	EndGlobalSection
	GlobalSection(SolutionProperties) = preSolution
		HideSolutionNode = FALSE
	EndGlobalSection
EndGlobal
